
Microsoft Visual Studio Solution File, Format Version 12.00
# Visual Studio Version 16
VisualStudioVersion = 16.0.29911.84
MinimumVisualStudioVersion = 10.0.40219.1
Project("{FAE04EC0-301F-11D3-BF4B-00C04F79EFBC}") = "ASP.NET_CORE_App", "ASP.NET_CORE_App\ASP.NET_CORE_App.csproj", "{57FD523D-109B-440C-A8AE-2C34C2C9BDD9}"
EndProject
Global
	GlobalSection(SolutionConfigurationPlatforms) = preSolution
		Debug|Any CPU = Debug|Any CPU
		Release|Any CPU = Release|Any CPU
	EndGlobalSection
	GlobalSection(ProjectConfigurationPlatforms) = postSolution
		{57FD523D-109B-440C-A8AE-2C34C2C9BDD9}.Debug|Any CPU.ActiveCfg = Debug|Any CPU
		{57FD523D-109B-440C-A8AE-2C34C2C9BDD9}.Debug|Any CPU.Build.0 = Debug|Any CPU
		{57FD523D-109B-440C-A8AE-2C34C2C9BDD9}.Release|Any CPU.ActiveCfg = Release|Any CPU
		{57FD523D-109B-440C-A8AE-2C34C2C9BDD9}.Release|Any CPU.Build.0 = Release|Any CPU
	EndGlobalSection
	GlobalSection(SolutionProperties) = preSolution
		HideSolutionNode = FALSE
	EndGlobalSection
	GlobalSection(ExtensibilityGlobals) = postSolution
		SolutionGuid = {90413E5C-BF12-4F3A-8212-BE28BF895AA0}
	EndGlobalSection
EndGlobal
